
Microsoft Visual Studio Solution File, Format Version 12.00
Project("{FAE04EC0-301F-11D3-BF4B-00C04F79EFBC}") = "OrganistsSchedule.Application", "OrganistsSchedule.Application\OrganistsSchedule.Application.csproj", "{7DF67193-F2D9-41D1-99D7-6133828535B5}"
EndProject
Project("{FAE04EC0-301F-11D3-BF4B-00C04F79EFBC}") = "OrganistsSchedule.Domain", "OrganistsSchedule.Domain\OrganistsSchedule.Domain.csproj", "{A5D4A52B-A8A6-4324-AAE1-D0EADBE4D1ED}"
EndProject
Project("{FAE04EC0-301F-11D3-BF4B-00C04F79EFBC}") = "OrganistsSchedule.Infra.Data", "OrganistsSchedule.Infra.Data\OrganistsSchedule.Infra.Data.csproj", "{54147BC4-44DE-4CC5-A8A4-6F068DBBF95F}"
EndProject
Project("{FAE04EC0-301F-11D3-BF4B-00C04F79EFBC}") = "OrganistsSchedule.Infra.IoC", "OrganistsSchedule.Infra.IoC\OrganistsSchedule.Infra.IoC.csproj", "{851D5EA1-6EAC-492D-B1BB-D76CBB2978FD}"
EndProject
Project("{FAE04EC0-301F-11D3-BF4B-00C04F79EFBC}") = "OrganistsSchedule.WebApi", "OrganistsSchedule.WebApi\OrganistsSchedule.WebApi.csproj", "{75BF0197-2B9C-4421-800F-2479DB0CB3FC}"
EndProject
Global
	GlobalSection(SolutionConfigurationPlatforms) = preSolution
		Debug|Any CPU = Debug|Any CPU
		Release|Any CPU = Release|Any CPU
	EndGlobalSection
	GlobalSection(ProjectConfigurationPlatforms) = postSolution
		{7DF67193-F2D9-41D1-99D7-6133828535B5}.Debug|Any CPU.ActiveCfg = Debug|Any CPU
		{7DF67193-F2D9-41D1-99D7-6133828535B5}.Debug|Any CPU.Build.0 = Debug|Any CPU
		{7DF67193-F2D9-41D1-99D7-6133828535B5}.Release|Any CPU.ActiveCfg = Release|Any CPU
		{7DF67193-F2D9-41D1-99D7-6133828535B5}.Release|Any CPU.Build.0 = Release|Any CPU
		{A5D4A52B-A8A6-4324-AAE1-D0EADBE4D1ED}.Debug|Any CPU.ActiveCfg = Debug|Any CPU
		{A5D4A52B-A8A6-4324-AAE1-D0EADBE4D1ED}.Debug|Any CPU.Build.0 = Debug|Any CPU
		{A5D4A52B-A8A6-4324-AAE1-D0EADBE4D1ED}.Release|Any CPU.ActiveCfg = Release|Any CPU
		{A5D4A52B-A8A6-4324-AAE1-D0EADBE4D1ED}.Release|Any CPU.Build.0 = Release|Any CPU
		{54147BC4-44DE-4CC5-A8A4-6F068DBBF95F}.Debug|Any CPU.ActiveCfg = Debug|Any CPU
		{54147BC4-44DE-4CC5-A8A4-6F068DBBF95F}.Debug|Any CPU.Build.0 = Debug|Any CPU
		{54147BC4-44DE-4CC5-A8A4-6F068DBBF95F}.Release|Any CPU.ActiveCfg = Release|Any CPU
		{54147BC4-44DE-4CC5-A8A4-6F068DBBF95F}.Release|Any CPU.Build.0 = Release|Any CPU
		{851D5EA1-6EAC-492D-B1BB-D76CBB2978FD}.Debug|Any CPU.ActiveCfg = Debug|Any CPU
		{851D5EA1-6EAC-492D-B1BB-D76CBB2978FD}.Debug|Any CPU.Build.0 = Debug|Any CPU
		{851D5EA1-6EAC-492D-B1BB-D76CBB2978FD}.Release|Any CPU.ActiveCfg = Release|Any CPU
		{851D5EA1-6EAC-492D-B1BB-D76CBB2978FD}.Release|Any CPU.Build.0 = Release|Any CPU
		{75BF0197-2B9C-4421-800F-2479DB0CB3FC}.Debug|Any CPU.ActiveCfg = Debug|Any CPU
		{75BF0197-2B9C-4421-800F-2479DB0CB3FC}.Debug|Any CPU.Build.0 = Debug|Any CPU
		{75BF0197-2B9C-4421-800F-2479DB0CB3FC}.Release|Any CPU.ActiveCfg = Release|Any CPU
		{75BF0197-2B9C-4421-800F-2479DB0CB3FC}.Release|Any CPU.Build.0 = Release|Any CPU
	EndGlobalSection
EndGlobal
